// !$*UTF8*$!
{
	archiveVersion = 1;
	classes = {
	};
	objectVersion = 50;
	objects = {

/* Begin PBXBuildFile section */
		726CD4B6223C3C21004986FF /* AppDelegate.swift in Sources */ = {isa = PBXBuildFile; fileRef = 726CD4B5223C3C21004986FF /* AppDelegate.swift */; };
		726CD4B8223C3C21004986FF /* MasterViewController.swift in Sources */ = {isa = PBXBuildFile; fileRef = 726CD4B7223C3C21004986FF /* MasterViewController.swift */; };
		726CD4BA223C3C21004986FF /* DetailViewController.swift in Sources */ = {isa = PBXBuildFile; fileRef = 726CD4B9223C3C21004986FF /* DetailViewController.swift */; };
		726CD4BD223C3C21004986FF /* Main.storyboard in Resources */ = {isa = PBXBuildFile; fileRef = 726CD4BB223C3C21004986FF /* Main.storyboard */; };
		726CD4BF223C3C23004986FF /* Assets.xcassets in Resources */ = {isa = PBXBuildFile; fileRef = 726CD4BE223C3C23004986FF /* Assets.xcassets */; };
		726CD4C2223C3C23004986FF /* LaunchScreen.storyboard in Resources */ = {isa = PBXBuildFile; fileRef = 726CD4C0223C3C23004986FF /* LaunchScreen.storyboard */; };
		726CD4CD223C3C23004986FF /* CityFinderTests.swift in Sources */ = {isa = PBXBuildFile; fileRef = 726CD4CC223C3C23004986FF /* CityFinderTests.swift */; };
		726CD4DD223C3CF2004986FF /* City.swift in Sources */ = {isa = PBXBuildFile; fileRef = 726CD4DC223C3CF2004986FF /* City.swift */; };
		726CD4E0223C3EAF004986FF /* cities.json in Resources */ = {isa = PBXBuildFile; fileRef = 726CD4DF223C3EAF004986FF /* cities.json */; };
/* End PBXBuildFile section */

/* Begin PBXContainerItemProxy section */
		726CD4C9223C3C23004986FF /* PBXContainerItemProxy */ = {
			isa = PBXContainerItemProxy;
			containerPortal = 726CD4AA223C3C21004986FF /* Project object */;
			proxyType = 1;
			remoteGlobalIDString = 726CD4B1223C3C21004986FF;
			remoteInfo = CityFinder;
		};
/* End PBXContainerItemProxy section */

/* Begin PBXFileReference section */
		726CD4B2223C3C21004986FF /* CityFinder.app */ = {isa = PBXFileReference; explicitFileType = wrapper.application; includeInIndex = 0; path = CityFinder.app; sourceTree = BUILT_PRODUCTS_DIR; };
		726CD4B5223C3C21004986FF /* AppDelegate.swift */ = {isa = PBXFileReference; lastKnownFileType = sourcecode.swift; path = AppDelegate.swift; sourceTree = "<group>"; };
		726CD4B7223C3C21004986FF /* MasterViewController.swift */ = {isa = PBXFileReference; lastKnownFileType = sourcecode.swift; path = MasterViewController.swift; sourceTree = "<group>"; };
		726CD4B9223C3C21004986FF /* DetailViewController.swift */ = {isa = PBXFileReference; lastKnownFileType = sourcecode.swift; path = DetailViewController.swift; sourceTree = "<group>"; };
		726CD4BC223C3C21004986FF /* Base */ = {isa = PBXFileReference; lastKnownFileType = file.storyboard; name = Base; path = Base.lproj/Main.storyboard; sourceTree = "<group>"; };
		726CD4BE223C3C23004986FF /* Assets.xcassets */ = {isa = PBXFileReference; lastKnownFileType = folder.assetcatalog; path = Assets.xcassets; sourceTree = "<group>"; };
		726CD4C1223C3C23004986FF /* Base */ = {isa = PBXFileReference; lastKnownFileType = file.storyboard; name = Base; path = Base.lproj/LaunchScreen.storyboard; sourceTree = "<group>"; };
		726CD4C3223C3C23004986FF /* Info.plist */ = {isa = PBXFileReference; lastKnownFileType = text.plist.xml; path = Info.plist; sourceTree = "<group>"; };
		726CD4C8223C3C23004986FF /* CityFinderTests.xctest */ = {isa = PBXFileReference; explicitFileType = wrapper.cfbundle; includeInIndex = 0; path = CityFinderTests.xctest; sourceTree = BUILT_PRODUCTS_DIR; };
		726CD4CC223C3C23004986FF /* CityFinderTests.swift */ = {isa = PBXFileReference; lastKnownFileType = sourcecode.swift; path = CityFinderTests.swift; sourceTree = "<group>"; };
		726CD4CE223C3C23004986FF /* Info.plist */ = {isa = PBXFileReference; lastKnownFileType = text.plist.xml; path = Info.plist; sourceTree = "<group>"; };
		726CD4DC223C3CF2004986FF /* City.swift */ = {isa = PBXFileReference; lastKnownFileType = sourcecode.swift; path = City.swift; sourceTree = "<group>"; };
		726CD4DF223C3EAF004986FF /* cities.json */ = {isa = PBXFileReference; fileEncoding = 4; lastKnownFileType = text.json; path = cities.json; sourceTree = "<group>"; };
/* End PBXFileReference section */

/* Begin PBXFrameworksBuildPhase section */
		726CD4AF223C3C21004986FF /* Frameworks */ = {
			isa = PBXFrameworksBuildPhase;
			buildActionMask = 2147483647;
			files = (
			);
			runOnlyForDeploymentPostprocessing = 0;
		};
		726CD4C5223C3C23004986FF /* Frameworks */ = {
			isa = PBXFrameworksBuildPhase;
			buildActionMask = 2147483647;
			files = (
			);
			runOnlyForDeploymentPostprocessing = 0;
		};
/* End PBXFrameworksBuildPhase section */

/* Begin PBXGroup section */
		726CD4A9223C3C21004986FF = {
			isa = PBXGroup;
			children = (
				726CD4B4223C3C21004986FF /* CityFinder */,
				726CD4CB223C3C23004986FF /* CityFinderTests */,
				726CD4B3223C3C21004986FF /* Products */,
			);
			sourceTree = "<group>";
		};
		726CD4B3223C3C21004986FF /* Products */ = {
			isa = PBXGroup;
			children = (
				726CD4B2223C3C21004986FF /* CityFinder.app */,
				726CD4C8223C3C23004986FF /* CityFinderTests.xctest */,
			);
			name = Products;
			sourceTree = "<group>";
		};
		726CD4B4223C3C21004986FF /* CityFinder */ = {
			isa = PBXGroup;
			children = (
				726CD4DE223C3E74004986FF /* Supporting FIles */,
				726CD4D9223C3C68004986FF /* ModelViews */,
				726CD4DA223C3C82004986FF /* Views */,
				726CD4D7223C3C3D004986FF /* Model */,
				726CD4B5223C3C21004986FF /* AppDelegate.swift */,
				726CD4BB223C3C21004986FF /* Main.storyboard */,
			);
			path = CityFinder;
			sourceTree = "<group>";
		};
		726CD4CB223C3C23004986FF /* CityFinderTests */ = {
			isa = PBXGroup;
			children = (
				726CD4CC223C3C23004986FF /* CityFinderTests.swift */,
				726CD4CE223C3C23004986FF /* Info.plist */,
			);
			path = CityFinderTests;
			sourceTree = "<group>";
		};
		726CD4D7223C3C3D004986FF /* Model */ = {
			isa = PBXGroup;
			children = (
				726CD4DC223C3CF2004986FF /* City.swift */,
			);
			path = Model;
			sourceTree = "<group>";
		};
		726CD4D8223C3C59004986FF /* LaunchView */ = {
			isa = PBXGroup;
			children = (
				726CD4C0223C3C23004986FF /* LaunchScreen.storyboard */,
			);
			path = LaunchView;
			sourceTree = "<group>";
		};
		726CD4D9223C3C68004986FF /* ModelViews */ = {
			isa = PBXGroup;
			children = (
			);
			path = ModelViews;
			sourceTree = "<group>";
		};
		726CD4DA223C3C82004986FF /* Views */ = {
			isa = PBXGroup;
			children = (
				726CD4E1223C47DD004986FF /* MapView */,
				726CD4DB223C3CAB004986FF /* SearchView */,
				726CD4D8223C3C59004986FF /* LaunchView */,
			);
			path = Views;
			sourceTree = "<group>";
		};
		726CD4DB223C3CAB004986FF /* SearchView */ = {
			isa = PBXGroup;
			children = (
				726CD4B7223C3C21004986FF /* MasterViewController.swift */,
			);
			path = SearchView;
			sourceTree = "<group>";
		};
		726CD4DE223C3E74004986FF /* Supporting FIles */ = {
			isa = PBXGroup;
			children = (
				726CD4DF223C3EAF004986FF /* cities.json */,
				726CD4BE223C3C23004986FF /* Assets.xcassets */,
				726CD4C3223C3C23004986FF /* Info.plist */,
			);
			path = "Supporting FIles";
			sourceTree = "<group>";
		};
		726CD4E1223C47DD004986FF /* MapView */ = {
			isa = PBXGroup;
			children = (
				726CD4B9223C3C21004986FF /* DetailViewController.swift */,
			);
			path = MapView;
			sourceTree = "<group>";
		};
/* End PBXGroup section */

/* Begin PBXNativeTarget section */
		726CD4B1223C3C21004986FF /* CityFinder */ = {
			isa = PBXNativeTarget;
			buildConfigurationList = 726CD4D1223C3C23004986FF /* Build configuration list for PBXNativeTarget "CityFinder" */;
			buildPhases = (
				726CD4AE223C3C21004986FF /* Sources */,
				726CD4AF223C3C21004986FF /* Frameworks */,
				726CD4B0223C3C21004986FF /* Resources */,
			);
			buildRules = (
			);
			dependencies = (
			);
			name = CityFinder;
			productName = CityFinder;
			productReference = 726CD4B2223C3C21004986FF /* CityFinder.app */;
			productType = "com.apple.product-type.application";
		};
		726CD4C7223C3C23004986FF /* CityFinderTests */ = {
			isa = PBXNativeTarget;
			buildConfigurationList = 726CD4D4223C3C23004986FF /* Build configuration list for PBXNativeTarget "CityFinderTests" */;
			buildPhases = (
				726CD4C4223C3C23004986FF /* Sources */,
				726CD4C5223C3C23004986FF /* Frameworks */,
				726CD4C6223C3C23004986FF /* Resources */,
			);
			buildRules = (
			);
			dependencies = (
				726CD4CA223C3C23004986FF /* PBXTargetDependency */,
			);
			name = CityFinderTests;
			productName = CityFinderTests;
			productReference = 726CD4C8223C3C23004986FF /* CityFinderTests.xctest */;
			productType = "com.apple.product-type.bundle.unit-test";
		};
/* End PBXNativeTarget section */

/* Begin PBXProject section */
		726CD4AA223C3C21004986FF /* Project object */ = {
			isa = PBXProject;
			attributes = {
				LastSwiftUpdateCheck = 1010;
				LastUpgradeCheck = 1010;
				ORGANIZATIONNAME = "Nilesh Ramteke";
				TargetAttributes = {
					726CD4B1223C3C21004986FF = {
						CreatedOnToolsVersion = 10.1;
					};
					726CD4C7223C3C23004986FF = {
						CreatedOnToolsVersion = 10.1;
						TestTargetID = 726CD4B1223C3C21004986FF;
					};
				};
			};
			buildConfigurationList = 726CD4AD223C3C21004986FF /* Build configuration list for PBXProject "CityFinder" */;
			compatibilityVersion = "Xcode 9.3";
			developmentRegion = en;
			hasScannedForEncodings = 0;
			knownRegions = (
				en,
				Base,
			);
			mainGroup = 726CD4A9223C3C21004986FF;
			productRefGroup = 726CD4B3223C3C21004986FF /* Products */;
			projectDirPath = "";
			projectRoot = "";
			targets = (
				726CD4B1223C3C21004986FF /* CityFinder */,
				726CD4C7223C3C23004986FF /* CityFinderTests */,
			);
		};
/* End PBXProject section */

/* Begin PBXResourcesBuildPhase section */
		726CD4B0223C3C21004986FF /* Resources */ = {
			isa = PBXResourcesBuildPhase;
			buildActionMask = 2147483647;
			files = (
				726CD4E0223C3EAF004986FF /* cities.json in Resources */,
				726CD4C2223C3C23004986FF /* LaunchScreen.storyboard in Resources */,
				726CD4BF223C3C23004986FF /* Assets.xcassets in Resources */,
				726CD4BD223C3C21004986FF /* Main.storyboard in Resources */,
			);
			runOnlyForDeploymentPostprocessing = 0;
		};
		726CD4C6223C3C23004986FF /* Resources */ = {
			isa = PBXResourcesBuildPhase;
			buildActionMask = 2147483647;
			files = (
			);
			runOnlyForDeploymentPostprocessing = 0;
		};
/* End PBXResourcesBuildPhase section */

/* Begin PBXSourcesBuildPhase section */
		726CD4AE223C3C21004986FF /* Sources */ = {
			isa = PBXSourcesBuildPhase;
			buildActionMask = 2147483647;
			files = (
				726CD4BA223C3C21004986FF /* DetailViewController.swift in Sources */,
				726CD4B8223C3C21004986FF /* MasterViewController.swift in Sources */,
				726CD4DD223C3CF2004986FF /* City.swift in Sources */,
				726CD4B6223C3C21004986FF /* AppDelegate.swift in Sources */,
			);
			runOnlyForDeploymentPostprocessing = 0;
		};
		726CD4C4223C3C23004986FF /* Sources */ = {
			isa = PBXSourcesBuildPhase;
			buildActionMask = 2147483647;
			files = (
				726CD4CD223C3C23004986FF /* CityFinderTests.swift in Sources */,
			);
			runOnlyForDeploymentPostprocessing = 0;
		};
/* End PBXSourcesBuildPhase section */

/* Begin PBXTargetDependency section */
		726CD4CA223C3C23004986FF /* PBXTargetDependency */ = {
			isa = PBXTargetDependency;
			target = 726CD4B1223C3C21004986FF /* CityFinder */;
			targetProxy = 726CD4C9223C3C23004986FF /* PBXContainerItemProxy */;
		};
/* End PBXTargetDependency section */

/* Begin PBXVariantGroup section */
		726CD4BB223C3C21004986FF /* Main.storyboard */ = {
			isa = PBXVariantGroup;
			children = (
				726CD4BC223C3C21004986FF /* Base */,
			);
			name = Main.storyboard;
			sourceTree = "<group>";
		};
		726CD4C0223C3C23004986FF /* LaunchScreen.storyboard */ = {
			isa = PBXVariantGroup;
			children = (
				726CD4C1223C3C23004986FF /* Base */,
			);
			name = LaunchScreen.storyboard;
			sourceTree = "<group>";
		};
/* End PBXVariantGroup section */

/* Begin XCBuildConfiguration section */
		726CD4CF223C3C23004986FF /* Debug */ = {
			isa = XCBuildConfiguration;
			buildSettings = {
				ALWAYS_SEARCH_USER_PATHS = NO;
				CLANG_ANALYZER_NONNULL = YES;
				CLANG_ANALYZER_NUMBER_OBJECT_CONVERSION = YES_AGGRESSIVE;
				CLANG_CXX_LANGUAGE_STANDARD = "gnu++14";
				CLANG_CXX_LIBRARY = "libc++";
				CLANG_ENABLE_MODULES = YES;
				CLANG_ENABLE_OBJC_ARC = YES;
				CLANG_ENABLE_OBJC_WEAK = YES;
				CLANG_WARN_BLOCK_CAPTURE_AUTORELEASING = YES;
				CLANG_WARN_BOOL_CONVERSION = YES;
				CLANG_WARN_COMMA = YES;
				CLANG_WARN_CONSTANT_CONVERSION = YES;
				CLANG_WARN_DEPRECATED_OBJC_IMPLEMENTATIONS = YES;
				CLANG_WARN_DIRECT_OBJC_ISA_USAGE = YES_ERROR;
				CLANG_WARN_DOCUMENTATION_COMMENTS = YES;
				CLANG_WARN_EMPTY_BODY = YES;
				CLANG_WARN_ENUM_CONVERSION = YES;
				CLANG_WARN_INFINITE_RECURSION = YES;
				CLANG_WARN_INT_CONVERSION = YES;
				CLANG_WARN_NON_LITERAL_NULL_CONVERSION = YES;
				CLANG_WARN_OBJC_IMPLICIT_RETAIN_SELF = YES;
				CLANG_WARN_OBJC_LITERAL_CONVERSION = YES;
				CLANG_WARN_OBJC_ROOT_CLASS = YES_ERROR;
				CLANG_WARN_RANGE_LOOP_ANALYSIS = YES;
				CLANG_WARN_STRICT_PROTOTYPES = YES;
				CLANG_WARN_SUSPICIOUS_MOVE = YES;
				CLANG_WARN_UNGUARDED_AVAILABILITY = YES_AGGRESSIVE;
				CLANG_WARN_UNREACHABLE_CODE = YES;
				CLANG_WARN__DUPLICATE_METHOD_MATCH = YES;
				CODE_SIGN_IDENTITY = "iPhone Developer";
				COPY_PHASE_STRIP = NO;
				DEBUG_INFORMATION_FORMAT = dwarf;
				ENABLE_STRICT_OBJC_MSGSEND = YES;
				ENABLE_TESTABILITY = YES;
				GCC_C_LANGUAGE_STANDARD = gnu11;
				GCC_DYNAMIC_NO_PIC = NO;
				GCC_NO_COMMON_BLOCKS = YES;
				GCC_OPTIMIZATION_LEVEL = 0;
				GCC_PREPROCESSOR_DEFINITIONS = (
					"DEBUG=1",
					"$(inherited)",
				);
				GCC_WARN_64_TO_32_BIT_CONVERSION = YES;
				GCC_WARN_ABOUT_RETURN_TYPE = YES_ERROR;
				GCC_WARN_UNDECLARED_SELECTOR = YES;
				GCC_WARN_UNINITIALIZED_AUTOS = YES_AGGRESSIVE;
				GCC_WARN_UNUSED_FUNCTION = YES;
				GCC_WARN_UNUSED_VARIABLE = YES;
				IPHONEOS_DEPLOYMENT_TARGET = 12.1;
				MTL_ENABLE_DEBUG_INFO = INCLUDE_SOURCE;
				MTL_FAST_MATH = YES;
				ONLY_ACTIVE_ARCH = YES;
				SDKROOT = iphoneos;
				SWIFT_ACTIVE_COMPILATION_CONDITIONS = DEBUG;
				SWIFT_OPTIMIZATION_LEVEL = "-Onone";
			};
			name = Debug;
		};
		726CD4D0223C3C23004986FF /* Release */ = {
			isa = XCBuildConfiguration;
			buildSettings = {
				ALWAYS_SEARCH_USER_PATHS = NO;
				CLANG_ANALYZER_NONNULL = YES;
				CLANG_ANALYZER_NUMBER_OBJECT_CONVERSION = YES_AGGRESSIVE;
				CLANG_CXX_LANGUAGE_STANDARD = "gnu++14";
				CLANG_CXX_LIBRARY = "libc++";
				CLANG_ENABLE_MODULES = YES;
				CLANG_ENABLE_OBJC_ARC = YES;
				CLANG_ENABLE_OBJC_WEAK = YES;
				CLANG_WARN_BLOCK_CAPTURE_AUTORELEASING = YES;
				CLANG_WARN_BOOL_CONVERSION = YES;
				CLANG_WARN_COMMA = YES;
				CLANG_WARN_CONSTANT_CONVERSION = YES;
				CLANG_WARN_DEPRECATED_OBJC_IMPLEMENTATIONS = YES;
				CLANG_WARN_DIRECT_OBJC_ISA_USAGE = YES_ERROR;
				CLANG_WARN_DOCUMENTATION_COMMENTS = YES;
				CLANG_WARN_EMPTY_BODY = YES;
				CLANG_WARN_ENUM_CONVERSION = YES;
				CLANG_WARN_INFINITE_RECURSION = YES;
				CLANG_WARN_INT_CONVERSION = YES;
				CLANG_WARN_NON_LITERAL_NULL_CONVERSION = YES;
				CLANG_WARN_OBJC_IMPLICIT_RETAIN_SELF = YES;
				CLANG_WARN_OBJC_LITERAL_CONVERSION = YES;
				CLANG_WARN_OBJC_ROOT_CLASS = YES_ERROR;
				CLANG_WARN_RANGE_LOOP_ANALYSIS = YES;
				CLANG_WARN_STRICT_PROTOTYPES = YES;
				CLANG_WARN_SUSPICIOUS_MOVE = YES;
				CLANG_WARN_UNGUARDED_AVAILABILITY = YES_AGGRESSIVE;
				CLANG_WARN_UNREACHABLE_CODE = YES;
				CLANG_WARN__DUPLICATE_METHOD_MATCH = YES;
				CODE_SIGN_IDENTITY = "iPhone Developer";
				COPY_PHASE_STRIP = NO;
				DEBUG_INFORMATION_FORMAT = "dwarf-with-dsym";
				ENABLE_NS_ASSERTIONS = NO;
				ENABLE_STRICT_OBJC_MSGSEND = YES;
				GCC_C_LANGUAGE_STANDARD = gnu11;
				GCC_NO_COMMON_BLOCKS = YES;
				GCC_WARN_64_TO_32_BIT_CONVERSION = YES;
				GCC_WARN_ABOUT_RETURN_TYPE = YES_ERROR;
				GCC_WARN_UNDECLARED_SELECTOR = YES;
				GCC_WARN_UNINITIALIZED_AUTOS = YES_AGGRESSIVE;
				GCC_WARN_UNUSED_FUNCTION = YES;
				GCC_WARN_UNUSED_VARIABLE = YES;
				IPHONEOS_DEPLOYMENT_TARGET = 12.1;
				MTL_ENABLE_DEBUG_INFO = NO;
				MTL_FAST_MATH = YES;
				SDKROOT = iphoneos;
				SWIFT_COMPILATION_MODE = wholemodule;
				SWIFT_OPTIMIZATION_LEVEL = "-O";
				VALIDATE_PRODUCT = YES;
			};
			name = Release;
		};
		726CD4D2223C3C23004986FF /* Debug */ = {
			isa = XCBuildConfiguration;
			buildSettings = {
				ASSETCATALOG_COMPILER_APPICON_NAME = AppIcon;
				CODE_SIGN_STYLE = Automatic;
				INFOPLIST_FILE = "CityFinder/Supporting FIles/Info.plist";
				LD_RUNPATH_SEARCH_PATHS = (
					"$(inherited)",
					"@executable_path/Frameworks",
				);
				PRODUCT_BUNDLE_IDENTIFIER = com.backbase.CityFinder;
				PRODUCT_NAME = "$(TARGET_NAME)";
				SWIFT_VERSION = 4.2;
				TARGETED_DEVICE_FAMILY = "1,2";
			};
			name = Debug;
		};
		726CD4D3223C3C23004986FF /* Release */ = {
			isa = XCBuildConfiguration;
			buildSettings = {
				ASSETCATALOG_COMPILER_APPICON_NAME = AppIcon;
				CODE_SIGN_STYLE = Automatic;
				INFOPLIST_FILE = "CityFinder/Supporting FIles/Info.plist";
				LD_RUNPATH_SEARCH_PATHS = (
					"$(inherited)",
					"@executable_path/Frameworks",
				);
				PRODUCT_BUNDLE_IDENTIFIER = com.backbase.CityFinder;
				PRODUCT_NAME = "$(TARGET_NAME)";
				SWIFT_VERSION = 4.2;
				TARGETED_DEVICE_FAMILY = "1,2";
			};
			name = Release;
		};
		726CD4D5223C3C23004986FF /* Debug */ = {
			isa = XCBuildConfiguration;
			buildSettings = {
				ALWAYS_EMBED_SWIFT_STANDARD_LIBRARIES = YES;
				BUNDLE_LOADER = "$(TEST_HOST)";
				CODE_SIGN_STYLE = Automatic;
				INFOPLIST_FILE = CityFinderTests/Info.plist;
				LD_RUNPATH_SEARCH_PATHS = (
					"$(inherited)",
					"@executable_path/Frameworks",
					"@loader_path/Frameworks",
				);
				PRODUCT_BUNDLE_IDENTIFIER = com.backbase.CityFinderTests;
				PRODUCT_NAME = "$(TARGET_NAME)";
				SWIFT_VERSION = 4.2;
				TARGETED_DEVICE_FAMILY = "1,2";
				TEST_HOST = "$(BUILT_PRODUCTS_DIR)/CityFinder.app/CityFinder";
			};
			name = Debug;
		};
		726CD4D6223C3C23004986FF /* Release */ = {
			isa = XCBuildConfiguration;
			buildSettings = {
				ALWAYS_EMBED_SWIFT_STANDARD_LIBRARIES = YES;
				BUNDLE_LOADER = "$(TEST_HOST)";
				CODE_SIGN_STYLE = Automatic;
				INFOPLIST_FILE = CityFinderTests/Info.plist;
				LD_RUNPATH_SEARCH_PATHS = (
					"$(inherited)",
					"@executable_path/Frameworks",
					"@loader_path/Frameworks",
				);
				PRODUCT_BUNDLE_IDENTIFIER = com.backbase.CityFinderTests;
				PRODUCT_NAME = "$(TARGET_NAME)";
				SWIFT_VERSION = 4.2;
				TARGETED_DEVICE_FAMILY = "1,2";
				TEST_HOST = "$(BUILT_PRODUCTS_DIR)/CityFinder.app/CityFinder";
			};
			name = Release;
		};
/* End XCBuildConfiguration section */

/* Begin XCConfigurationList section */
		726CD4AD223C3C21004986FF /* Build configuration list for PBXProject "CityFinder" */ = {
			isa = XCConfigurationList;
			buildConfigurations = (
				726CD4CF223C3C23004986FF /* Debug */,
				726CD4D0223C3C23004986FF /* Release */,
			);
			defaultConfigurationIsVisible = 0;
			defaultConfigurationName = Release;
		};
		726CD4D1223C3C23004986FF /* Build configuration list for PBXNativeTarget "CityFinder" */ = {
			isa = XCConfigurationList;
			buildConfigurations = (
				726CD4D2223C3C23004986FF /* Debug */,
				726CD4D3223C3C23004986FF /* Release */,
			);
			defaultConfigurationIsVisible = 0;
			defaultConfigurationName = Release;
		};
		726CD4D4223C3C23004986FF /* Build configuration list for PBXNativeTarget "CityFinderTests" */ = {
			isa = XCConfigurationList;
			buildConfigurations = (
				726CD4D5223C3C23004986FF /* Debug */,
				726CD4D6223C3C23004986FF /* Release */,
			);
			defaultConfigurationIsVisible = 0;
			defaultConfigurationName = Release;
		};
/* End XCConfigurationList section */
	};
	rootObject = 726CD4AA223C3C21004986FF /* Project object */;
}
